
Microsoft Visual Studio Solution File, Format Version 12.00
# Visual Studio Version 16
VisualStudioVersion = 16.0.29102.190
MinimumVisualStudioVersion = 10.0.40219.1
Project("{FAE04EC0-301F-11D3-BF4B-00C04F79EFBC}") = "Exercise_21", "Exercise_21\Exercise_21.csproj", "{4C2FF7BF-377B-499E-9943-11CC93FEEE9B}"
EndProject
Global
	GlobalSection(SolutionConfigurationPlatforms) = preSolution
		Debug|Any CPU = Debug|Any CPU
		Release|Any CPU = Release|Any CPU
	EndGlobalSection
	GlobalSection(ProjectConfigurationPlatforms) = postSolution
		{4C2FF7BF-377B-499E-9943-11CC93FEEE9B}.Debug|Any CPU.ActiveCfg = Debug|Any CPU
		{4C2FF7BF-377B-499E-9943-11CC93FEEE9B}.Debug|Any CPU.Build.0 = Debug|Any CPU
		{4C2FF7BF-377B-499E-9943-11CC93FEEE9B}.Release|Any CPU.ActiveCfg = Release|Any CPU
		{4C2FF7BF-377B-499E-9943-11CC93FEEE9B}.Release|Any CPU.Build.0 = Release|Any CPU
	EndGlobalSection
	GlobalSection(SolutionProperties) = preSolution
		HideSolutionNode = FALSE
	EndGlobalSection
	GlobalSection(ExtensibilityGlobals) = postSolution
		SolutionGuid = {7152A65F-160D-4092-A454-D50267152B6D}
	EndGlobalSection
EndGlobal
