
Microsoft Visual Studio Solution File, Format Version 12.00
# Visual Studio Version 16
VisualStudioVersion = 16.0.29102.190
MinimumVisualStudioVersion = 10.0.40219.1
Project("{FAE04EC0-301F-11D3-BF4B-00C04F79EFBC}") = "Exercise_24", "Exercise_24\Exercise_24.csproj", "{E5876ECF-627A-4262-B7B3-07DA8260C5C8}"
EndProject
Global
	GlobalSection(SolutionConfigurationPlatforms) = preSolution
		Debug|Any CPU = Debug|Any CPU
		Release|Any CPU = Release|Any CPU
	EndGlobalSection
	GlobalSection(ProjectConfigurationPlatforms) = postSolution
		{E5876ECF-627A-4262-B7B3-07DA8260C5C8}.Debug|Any CPU.ActiveCfg = Debug|Any CPU
		{E5876ECF-627A-4262-B7B3-07DA8260C5C8}.Debug|Any CPU.Build.0 = Debug|Any CPU
		{E5876ECF-627A-4262-B7B3-07DA8260C5C8}.Release|Any CPU.ActiveCfg = Release|Any CPU
		{E5876ECF-627A-4262-B7B3-07DA8260C5C8}.Release|Any CPU.Build.0 = Release|Any CPU
	EndGlobalSection
	GlobalSection(SolutionProperties) = preSolution
		HideSolutionNode = FALSE
	EndGlobalSection
	GlobalSection(ExtensibilityGlobals) = postSolution
		SolutionGuid = {3A393BF2-3082-4E7F-98C5-B075CC013722}
	EndGlobalSection
EndGlobal
