
Microsoft Visual Studio Solution File, Format Version 12.00
# Visual Studio Version 16
VisualStudioVersion = 16.0.29102.190
MinimumVisualStudioVersion = 10.0.40219.1
Project("{FAE04EC0-301F-11D3-BF4B-00C04F79EFBC}") = "Exercise_16", "Exercise_16\Exercise_16.csproj", "{EEF77E20-4A3C-475D-A83F-D547316824E0}"
EndProject
Global
	GlobalSection(SolutionConfigurationPlatforms) = preSolution
		Debug|Any CPU = Debug|Any CPU
		Release|Any CPU = Release|Any CPU
	EndGlobalSection
	GlobalSection(ProjectConfigurationPlatforms) = postSolution
		{EEF77E20-4A3C-475D-A83F-D547316824E0}.Debug|Any CPU.ActiveCfg = Debug|Any CPU
		{EEF77E20-4A3C-475D-A83F-D547316824E0}.Debug|Any CPU.Build.0 = Debug|Any CPU
		{EEF77E20-4A3C-475D-A83F-D547316824E0}.Release|Any CPU.ActiveCfg = Release|Any CPU
		{EEF77E20-4A3C-475D-A83F-D547316824E0}.Release|Any CPU.Build.0 = Release|Any CPU
	EndGlobalSection
	GlobalSection(SolutionProperties) = preSolution
		HideSolutionNode = FALSE
	EndGlobalSection
	GlobalSection(ExtensibilityGlobals) = postSolution
		SolutionGuid = {45B019E3-2F3D-4FB3-A82D-48AC0B2E448D}
	EndGlobalSection
EndGlobal
