
Microsoft Visual Studio Solution File, Format Version 12.00
# Visual Studio Version 16
VisualStudioVersion = 16.0.29102.190
MinimumVisualStudioVersion = 10.0.40219.1
Project("{FAE04EC0-301F-11D3-BF4B-00C04F79EFBC}") = "Exercise_22", "Exercise_22\Exercise_22.csproj", "{05AFB2DD-DC16-44C7-B892-89CAE2957B34}"
EndProject
Global
	GlobalSection(SolutionConfigurationPlatforms) = preSolution
		Debug|Any CPU = Debug|Any CPU
		Release|Any CPU = Release|Any CPU
	EndGlobalSection
	GlobalSection(ProjectConfigurationPlatforms) = postSolution
		{05AFB2DD-DC16-44C7-B892-89CAE2957B34}.Debug|Any CPU.ActiveCfg = Debug|Any CPU
		{05AFB2DD-DC16-44C7-B892-89CAE2957B34}.Debug|Any CPU.Build.0 = Debug|Any CPU
		{05AFB2DD-DC16-44C7-B892-89CAE2957B34}.Release|Any CPU.ActiveCfg = Release|Any CPU
		{05AFB2DD-DC16-44C7-B892-89CAE2957B34}.Release|Any CPU.Build.0 = Release|Any CPU
	EndGlobalSection
	GlobalSection(SolutionProperties) = preSolution
		HideSolutionNode = FALSE
	EndGlobalSection
	GlobalSection(ExtensibilityGlobals) = postSolution
		SolutionGuid = {02E4BC4B-5C46-46AF-95D1-0A4D13179CCB}
	EndGlobalSection
EndGlobal
