
Microsoft Visual Studio Solution File, Format Version 12.00
# Visual Studio Version 16
VisualStudioVersion = 16.0.29102.190
MinimumVisualStudioVersion = 10.0.40219.1
Project("{FAE04EC0-301F-11D3-BF4B-00C04F79EFBC}") = "Exercise_5", "Exercise_5\Exercise_5.csproj", "{A345A522-B6A6-4F38-982E-425B43F66C30}"
EndProject
Global
	GlobalSection(SolutionConfigurationPlatforms) = preSolution
		Debug|Any CPU = Debug|Any CPU
		Release|Any CPU = Release|Any CPU
	EndGlobalSection
	GlobalSection(ProjectConfigurationPlatforms) = postSolution
		{A345A522-B6A6-4F38-982E-425B43F66C30}.Debug|Any CPU.ActiveCfg = Debug|Any CPU
		{A345A522-B6A6-4F38-982E-425B43F66C30}.Debug|Any CPU.Build.0 = Debug|Any CPU
		{A345A522-B6A6-4F38-982E-425B43F66C30}.Release|Any CPU.ActiveCfg = Release|Any CPU
		{A345A522-B6A6-4F38-982E-425B43F66C30}.Release|Any CPU.Build.0 = Release|Any CPU
	EndGlobalSection
	GlobalSection(SolutionProperties) = preSolution
		HideSolutionNode = FALSE
	EndGlobalSection
	GlobalSection(ExtensibilityGlobals) = postSolution
		SolutionGuid = {EF4BC09E-D0B7-4578-ADAE-8CDDBC72E20F}
	EndGlobalSection
EndGlobal
