
Microsoft Visual Studio Solution File, Format Version 12.00
# Visual Studio Version 16
VisualStudioVersion = 16.0.29102.190
MinimumVisualStudioVersion = 10.0.40219.1
Project("{FAE04EC0-301F-11D3-BF4B-00C04F79EFBC}") = "WRITING AND RUNNING CODE", "WRITING AND RUNNING CODE\WRITING AND RUNNING CODE.csproj", "{03B73889-23F2-4D3C-979F-E2B656A8872E}"
EndProject
Global
	GlobalSection(SolutionConfigurationPlatforms) = preSolution
		Debug|Any CPU = Debug|Any CPU
		Release|Any CPU = Release|Any CPU
	EndGlobalSection
	GlobalSection(ProjectConfigurationPlatforms) = postSolution
		{03B73889-23F2-4D3C-979F-E2B656A8872E}.Debug|Any CPU.ActiveCfg = Debug|Any CPU
		{03B73889-23F2-4D3C-979F-E2B656A8872E}.Debug|Any CPU.Build.0 = Debug|Any CPU
		{03B73889-23F2-4D3C-979F-E2B656A8872E}.Release|Any CPU.ActiveCfg = Release|Any CPU
		{03B73889-23F2-4D3C-979F-E2B656A8872E}.Release|Any CPU.Build.0 = Release|Any CPU
	EndGlobalSection
	GlobalSection(SolutionProperties) = preSolution
		HideSolutionNode = FALSE
	EndGlobalSection
	GlobalSection(ExtensibilityGlobals) = postSolution
		SolutionGuid = {2ACB0FB4-1A43-4740-AD28-618B5229C836}
	EndGlobalSection
EndGlobal
